// !$*UTF8*$!
{
	archiveVersion = 1;
	classes = {
	};
	objectVersion = 77;
	objects = {

/* Begin PBXBuildFile section */
		00E4BF6A82BCAC6CCE6A7086 /* HealthKitManager.swift in Sources */ = {isa = PBXBuildFile; fileRef = B4113928CE9728574415921A /* HealthKitManager.swift */; };
		290DED7A81920BE60DEB6E26 /* ContentView.swift in Sources */ = {isa = PBXBuildFile; fileRef = A6D81732E866DF7D62DEEC44 /* ContentView.swift */; };
		2C2E6BC4682D99F6172F3026 /* SleepFatigueEdgeApp.swift in Sources */ = {isa = PBXBuildFile; fileRef = 5B01A50E10CA39CF911CC5D2 /* SleepFatigueEdgeApp.swift */; };
		7AF93E3CC7316A2140268BE8 /* FatigueModel.swift in Sources */ = {isa = PBXBuildFile; fileRef = A922729721FA26590F5F7B8D /* FatigueModel.swift */; };
/* End PBXBuildFile section */

/* Begin PBXFileReference section */
		2EBFF9A082A2774BAD590D05 /* SleepFatigueEdgeDemo.app */ = {isa = PBXFileReference; includeInIndex = 0; lastKnownFileType = wrapper.application; path = SleepFatigueEdgeDemo.app; sourceTree = BUILT_PRODUCTS_DIR; };
		5B01A50E10CA39CF911CC5D2 /* SleepFatigueEdgeApp.swift */ = {isa = PBXFileReference; lastKnownFileType = sourcecode.swift; path = SleepFatigueEdgeApp.swift; sourceTree = "<group>"; };
		A6D81732E866DF7D62DEEC44 /* ContentView.swift */ = {isa = PBXFileReference; lastKnownFileType = sourcecode.swift; path = ContentView.swift; sourceTree = "<group>"; };
		A922729721FA26590F5F7B8D /* FatigueModel.swift */ = {isa = PBXFileReference; lastKnownFileType = sourcecode.swift; path = FatigueModel.swift; sourceTree = "<group>"; };
		B4113928CE9728574415921A /* HealthKitManager.swift */ = {isa = PBXFileReference; lastKnownFileType = sourcecode.swift; path = HealthKitManager.swift; sourceTree = "<group>"; };
/* End PBXFileReference section */

/* Begin PBXGroup section */
		0C9C48869FB82168A982C223 /* Products */ = {
			isa = PBXGroup;
			children = (
				2EBFF9A082A2774BAD590D05 /* SleepFatigueEdgeDemo.app */,
			);
			name = Products;
			sourceTree = "<group>";
		};
		89A5C521A20DA22F177198ED /* ios_healthkit_demo */ = {
			isa = PBXGroup;
			children = (
				A6D81732E866DF7D62DEEC44 /* ContentView.swift */,
				A922729721FA26590F5F7B8D /* FatigueModel.swift */,
				B4113928CE9728574415921A /* HealthKitManager.swift */,
				5B01A50E10CA39CF911CC5D2 /* SleepFatigueEdgeApp.swift */,
			);
			name = ios_healthkit_demo;
			path = .;
			sourceTree = "<group>";
		};
		CAEFFA089FD0227BA1F108E6 = {
			isa = PBXGroup;
			children = (
				89A5C521A20DA22F177198ED /* ios_healthkit_demo */,
				0C9C48869FB82168A982C223 /* Products */,
			);
			sourceTree = "<group>";
		};
/* End PBXGroup section */

/* Begin PBXNativeTarget section */
		19B2E34B3DF52AAD58B56DBD /* SleepFatigueEdgeDemo */ = {
			isa = PBXNativeTarget;
			buildConfigurationList = 73C82320497D2C1722D212F1 /* Build configuration list for PBXNativeTarget "SleepFatigueEdgeDemo" */;
			buildPhases = (
				605105D0E629BBBA2304203A /* Sources */,
			);
			buildRules = (
			);
			dependencies = (
			);
			name = SleepFatigueEdgeDemo;
			packageProductDependencies = (
			);
			productName = SleepFatigueEdgeDemo;
			productReference = 2EBFF9A082A2774BAD590D05 /* SleepFatigueEdgeDemo.app */;
			productType = "com.apple.product-type.application";
		};
/* End PBXNativeTarget section */

/* Begin PBXProject section */
		EE11D3D33C9C8F70F9A6B2EF /* Project object */ = {
			isa = PBXProject;
			attributes = {
				BuildIndependentTargetsInParallel = YES;
				LastUpgradeCheck = 1430;
				TargetAttributes = {
					19B2E34B3DF52AAD58B56DBD = {
						ProvisioningStyle = Automatic;
					};
				};
			};
			buildConfigurationList = C7A59A7C62132CBEFF937514 /* Build configuration list for PBXProject "SleepFatigueEdgeDemo" */;
			developmentRegion = en;
			hasScannedForEncodings = 0;
			knownRegions = (
				Base,
				en,
			);
			mainGroup = CAEFFA089FD0227BA1F108E6;
			minimizedProjectReferenceProxies = 1;
			preferredProjectObjectVersion = 77;
			productRefGroup = 0C9C48869FB82168A982C223 /* Products */;
			projectDirPath = "";
			projectRoot = "";
			targets = (
				19B2E34B3DF52AAD58B56DBD /* SleepFatigueEdgeDemo */,
			);
		};
/* End PBXProject section */

/* Begin PBXSourcesBuildPhase section */
		605105D0E629BBBA2304203A /* Sources */ = {
			isa = PBXSourcesBuildPhase;
			buildActionMask = 2147483647;
			files = (
				290DED7A81920BE60DEB6E26 /* ContentView.swift in Sources */,
				7AF93E3CC7316A2140268BE8 /* FatigueModel.swift in Sources */,
				00E4BF6A82BCAC6CCE6A7086 /* HealthKitManager.swift in Sources */,
				2C2E6BC4682D99F6172F3026 /* SleepFatigueEdgeApp.swift in Sources */,
			);
			runOnlyForDeploymentPostprocessing = 0;
		};
/* End PBXSourcesBuildPhase section */

/* Begin XCBuildConfiguration section */
		07668BE6BFA3C1AC12CEACCC /* Debug */ = {
			isa = XCBuildConfiguration;
			buildSettings = {
				ASSETCATALOG_COMPILER_APPICON_NAME = AppIcon;
				CODE_SIGN_ENTITLEMENTS = SleepFatigueEdgeDemo.entitlements;
				CODE_SIGN_IDENTITY = "iPhone Developer";
				CURRENT_PROJECT_VERSION = 1;
				IPHONEOS_DEPLOYMENT_TARGET = 17.0;
				LD_RUNPATH_SEARCH_PATHS = (
					"$(inherited)",
					"@executable_path/Frameworks",
				);
				MARKETING_VERSION = 1.0;
				PRODUCT_BUNDLE_IDENTIFIER = com.githubpratik.sleepfatigueedgedemo;
				PRODUCT_NAME = SleepFatigueEdgeDemo;
				SDKROOT = iphoneos;
				TARGETED_DEVICE_FAMILY = "1,2";
			};
			name = Debug;
		};
		2BFB92A178C4572D5C73E2B0 /* Debug */ = {
			isa = XCBuildConfiguration;
			buildSettings = {
				ALWAYS_SEARCH_USER_PATHS = NO;
				CLANG_ANALYZER_NONNULL = YES;
				CLANG_ANALYZER_NUMBER_OBJECT_CONVERSION = YES_AGGRESSIVE;
				CLANG_CXX_LANGUAGE_STANDARD = "gnu++14";
				CLANG_CXX_LIBRARY = "libc++";
				CLANG_ENABLE_MODULES = YES;
				CLANG_ENABLE_OBJC_ARC = YES;
				CLANG_ENABLE_OBJC_WEAK = YES;
				CLANG_WARN_BLOCK_CAPTURE_AUTORELEASING = YES;
				CLANG_WARN_BOOL_CONVERSION = YES;
				CLANG_WARN_COMMA = YES;
				CLANG_WARN_CONSTANT_CONVERSION = YES;
				CLANG_WARN_DEPRECATED_OBJC_IMPLEMENTATIONS = YES;
				CLANG_WARN_DIRECT_OBJC_ISA_USAGE = YES_ERROR;
				CLANG_WARN_DOCUMENTATION_COMMENTS = YES;
				CLANG_WARN_EMPTY_BODY = YES;
				CLANG_WARN_ENUM_CONVERSION = YES;
				CLANG_WARN_INFINITE_RECURSION = YES;
				CLANG_WARN_INT_CONVERSION = YES;
				CLANG_WARN_NON_LITERAL_NULL_CONVERSION = YES;
				CLANG_WARN_OBJC_IMPLICIT_RETAIN_SELF = YES;
				CLANG_WARN_OBJC_LITERAL_CONVERSION = YES;
				CLANG_WARN_OBJC_ROOT_CLASS = YES_ERROR;
				CLANG_WARN_QUOTED_INCLUDE_IN_FRAMEWORK_HEADER = YES;
				CLANG_WARN_RANGE_LOOP_ANALYSIS = YES;
				CLANG_WARN_STRICT_PROTOTYPES = YES;
				CLANG_WARN_SUSPICIOUS_MOVE = YES;
				CLANG_WARN_UNGUARDED_AVAILABILITY = YES_AGGRESSIVE;
				CLANG_WARN_UNREACHABLE_CODE = YES;
				CLANG_WARN__DUPLICATE_METHOD_MATCH = YES;
				CODE_SIGN_STYLE = Automatic;
				COPY_PHASE_STRIP = NO;
				DEBUG_INFORMATION_FORMAT = dwarf;
				ENABLE_STRICT_OBJC_MSGSEND = YES;
				ENABLE_TESTABILITY = YES;
				GCC_C_LANGUAGE_STANDARD = gnu11;
				GCC_DYNAMIC_NO_PIC = NO;
				GCC_NO_COMMON_BLOCKS = YES;
				GCC_OPTIMIZATION_LEVEL = 0;
				GCC_PREPROCESSOR_DEFINITIONS = (
					"$(inherited)",
					"DEBUG=1",
				);
				GCC_WARN_64_TO_32_BIT_CONVERSION = YES;
				GCC_WARN_ABOUT_RETURN_TYPE = YES_ERROR;
				GCC_WARN_UNDECLARED_SELECTOR = YES;
				GCC_WARN_UNINITIALIZED_AUTOS = YES_AGGRESSIVE;
				GCC_WARN_UNUSED_FUNCTION = YES;
				GCC_WARN_UNUSED_VARIABLE = YES;
				GENERATE_INFOPLIST_FILE = YES;
				INFOPLIST_KEY_CFBundleDisplayName = "Sleep Fatigue Edge";
				INFOPLIST_KEY_NSHealthShareUsageDescription = "This app reads sleep and vitals to compute fatigue prediction on-device.";
				INFOPLIST_KEY_NSHealthUpdateUsageDescription = "This app may write wellness summaries if enabled in future versions.";
				INFOPLIST_KEY_UIApplicationSupportsIndirectInputEvents = YES;
				INFOPLIST_KEY_UILaunchScreen_Generation = YES;
				IPHONEOS_DEPLOYMENT_TARGET = 17.0;
				MTL_ENABLE_DEBUG_INFO = INCLUDE_SOURCE;
				MTL_FAST_MATH = YES;
				ONLY_ACTIVE_ARCH = YES;
				PRODUCT_NAME = "$(TARGET_NAME)";
				SDKROOT = iphoneos;
				SWIFT_ACTIVE_COMPILATION_CONDITIONS = DEBUG;
				SWIFT_OPTIMIZATION_LEVEL = "-Onone";
				SWIFT_VERSION = 5.0;
				TARGETED_DEVICE_FAMILY = 1;
			};
			name = Debug;
		};
		90D70BB12F85BAAF16C9A2F8 /* Release */ = {
			isa = XCBuildConfiguration;
			buildSettings = {
				ALWAYS_SEARCH_USER_PATHS = NO;
				CLANG_ANALYZER_NONNULL = YES;
				CLANG_ANALYZER_NUMBER_OBJECT_CONVERSION = YES_AGGRESSIVE;
				CLANG_CXX_LANGUAGE_STANDARD = "gnu++14";
				CLANG_CXX_LIBRARY = "libc++";
				CLANG_ENABLE_MODULES = YES;
				CLANG_ENABLE_OBJC_ARC = YES;
				CLANG_ENABLE_OBJC_WEAK = YES;
				CLANG_WARN_BLOCK_CAPTURE_AUTORELEASING = YES;
				CLANG_WARN_BOOL_CONVERSION = YES;
				CLANG_WARN_COMMA = YES;
				CLANG_WARN_CONSTANT_CONVERSION = YES;
				CLANG_WARN_DEPRECATED_OBJC_IMPLEMENTATIONS = YES;
				CLANG_WARN_DIRECT_OBJC_ISA_USAGE = YES_ERROR;
				CLANG_WARN_DOCUMENTATION_COMMENTS = YES;
				CLANG_WARN_EMPTY_BODY = YES;
				CLANG_WARN_ENUM_CONVERSION = YES;
				CLANG_WARN_INFINITE_RECURSION = YES;
				CLANG_WARN_INT_CONVERSION = YES;
				CLANG_WARN_NON_LITERAL_NULL_CONVERSION = YES;
				CLANG_WARN_OBJC_IMPLICIT_RETAIN_SELF = YES;
				CLANG_WARN_OBJC_LITERAL_CONVERSION = YES;
				CLANG_WARN_OBJC_ROOT_CLASS = YES_ERROR;
				CLANG_WARN_QUOTED_INCLUDE_IN_FRAMEWORK_HEADER = YES;
				CLANG_WARN_RANGE_LOOP_ANALYSIS = YES;
				CLANG_WARN_STRICT_PROTOTYPES = YES;
				CLANG_WARN_SUSPICIOUS_MOVE = YES;
				CLANG_WARN_UNGUARDED_AVAILABILITY = YES_AGGRESSIVE;
				CLANG_WARN_UNREACHABLE_CODE = YES;
				CLANG_WARN__DUPLICATE_METHOD_MATCH = YES;
				CODE_SIGN_STYLE = Automatic;
				COPY_PHASE_STRIP = NO;
				DEBUG_INFORMATION_FORMAT = "dwarf-with-dsym";
				ENABLE_NS_ASSERTIONS = NO;
				ENABLE_STRICT_OBJC_MSGSEND = YES;
				GCC_C_LANGUAGE_STANDARD = gnu11;
				GCC_NO_COMMON_BLOCKS = YES;
				GCC_WARN_64_TO_32_BIT_CONVERSION = YES;
				GCC_WARN_ABOUT_RETURN_TYPE = YES_ERROR;
				GCC_WARN_UNDECLARED_SELECTOR = YES;
				GCC_WARN_UNINITIALIZED_AUTOS = YES_AGGRESSIVE;
				GCC_WARN_UNUSED_FUNCTION = YES;
				GCC_WARN_UNUSED_VARIABLE = YES;
				GENERATE_INFOPLIST_FILE = YES;
				INFOPLIST_KEY_CFBundleDisplayName = "Sleep Fatigue Edge";
				INFOPLIST_KEY_NSHealthShareUsageDescription = "This app reads sleep and vitals to compute fatigue prediction on-device.";
				INFOPLIST_KEY_NSHealthUpdateUsageDescription = "This app may write wellness summaries if enabled in future versions.";
				INFOPLIST_KEY_UIApplicationSupportsIndirectInputEvents = YES;
				INFOPLIST_KEY_UILaunchScreen_Generation = YES;
				IPHONEOS_DEPLOYMENT_TARGET = 17.0;
				MTL_ENABLE_DEBUG_INFO = NO;
				MTL_FAST_MATH = YES;
				PRODUCT_NAME = "$(TARGET_NAME)";
				SDKROOT = iphoneos;
				SWIFT_COMPILATION_MODE = wholemodule;
				SWIFT_OPTIMIZATION_LEVEL = "-O";
				SWIFT_VERSION = 5.0;
				TARGETED_DEVICE_FAMILY = 1;
			};
			name = Release;
		};
		E2B5526127A38ACDF82B23B8 /* Release */ = {
			isa = XCBuildConfiguration;
			buildSettings = {
				ASSETCATALOG_COMPILER_APPICON_NAME = AppIcon;
				CODE_SIGN_ENTITLEMENTS = SleepFatigueEdgeDemo.entitlements;
				CODE_SIGN_IDENTITY = "iPhone Developer";
				CURRENT_PROJECT_VERSION = 1;
				IPHONEOS_DEPLOYMENT_TARGET = 17.0;
				LD_RUNPATH_SEARCH_PATHS = (
					"$(inherited)",
					"@executable_path/Frameworks",
				);
				MARKETING_VERSION = 1.0;
				PRODUCT_BUNDLE_IDENTIFIER = com.githubpratik.sleepfatigueedgedemo;
				PRODUCT_NAME = SleepFatigueEdgeDemo;
				SDKROOT = iphoneos;
				TARGETED_DEVICE_FAMILY = "1,2";
			};
			name = Release;
		};
/* End XCBuildConfiguration section */

/* Begin XCConfigurationList section */
		73C82320497D2C1722D212F1 /* Build configuration list for PBXNativeTarget "SleepFatigueEdgeDemo" */ = {
			isa = XCConfigurationList;
			buildConfigurations = (
				07668BE6BFA3C1AC12CEACCC /* Debug */,
				E2B5526127A38ACDF82B23B8 /* Release */,
			);
			defaultConfigurationIsVisible = 0;
			defaultConfigurationName = Debug;
		};
		C7A59A7C62132CBEFF937514 /* Build configuration list for PBXProject "SleepFatigueEdgeDemo" */ = {
			isa = XCConfigurationList;
			buildConfigurations = (
				2BFB92A178C4572D5C73E2B0 /* Debug */,
				90D70BB12F85BAAF16C9A2F8 /* Release */,
			);
			defaultConfigurationIsVisible = 0;
			defaultConfigurationName = Debug;
		};
/* End XCConfigurationList section */
	};
	rootObject = EE11D3D33C9C8F70F9A6B2EF /* Project object */;
}
